# THIS IS AN AUTOGENERATED FILE. DO NOT EDIT THIS FILE DIRECTLY.
# yarn lockfile v1


font-awesome@^4.7.0:
  version "4.7.0"
  resolved "https://registry.yarnpkg.com/font-awesome/-/font-awesome-4.7.0.tgz#8fa8cf0411a1a31afd07b06d2902bb9fc815a133"

vue-router@^2.5.1:
  version "2.5.1"
  resolved "https://registry.yarnpkg.com/vue-router/-/vue-router-2.5.1.tgz#da462ba1561a5f2346cc2773dc880877ae75ba54"
